
Microsoft Visual Studio Solution File, Format Version 12.00
# Visual Studio Version 16
VisualStudioVersion = 16.0.30907.101
MinimumVisualStudioVersion = 10.0.40219.1
Project("{FAE04EC0-301F-11D3-BF4B-00C04F79EFBC}") = "OdeToFood.Web", "OdeToFood.Web\OdeToFood.Web.csproj", "{34B57102-C3D9-49FA-BA18-4E1A0C3FAB95}"
EndProject
Project("{FAE04EC0-301F-11D3-BF4B-00C04F79EFBC}") = "OdeToFood.Data", "OdeToFood.Data\OdeToFood.Data.csproj", "{B9236FA6-6947-4757-80CE-8DCE10841540}"
EndProject
Global
	GlobalSection(SolutionConfigurationPlatforms) = preSolution
		Debug|Any CPU = Debug|Any CPU
		Release|Any CPU = Release|Any CPU
	EndGlobalSection
	GlobalSection(ProjectConfigurationPlatforms) = postSolution
		{34B57102-C3D9-49FA-BA18-4E1A0C3FAB95}.Debug|Any CPU.ActiveCfg = Debug|Any CPU
		{34B57102-C3D9-49FA-BA18-4E1A0C3FAB95}.Debug|Any CPU.Build.0 = Debug|Any CPU
		{34B57102-C3D9-49FA-BA18-4E1A0C3FAB95}.Release|Any CPU.ActiveCfg = Release|Any CPU
		{34B57102-C3D9-49FA-BA18-4E1A0C3FAB95}.Release|Any CPU.Build.0 = Release|Any CPU
		{B9236FA6-6947-4757-80CE-8DCE10841540}.Debug|Any CPU.ActiveCfg = Debug|Any CPU
		{B9236FA6-6947-4757-80CE-8DCE10841540}.Debug|Any CPU.Build.0 = Debug|Any CPU
		{B9236FA6-6947-4757-80CE-8DCE10841540}.Release|Any CPU.ActiveCfg = Release|Any CPU
		{B9236FA6-6947-4757-80CE-8DCE10841540}.Release|Any CPU.Build.0 = Release|Any CPU
	EndGlobalSection
	GlobalSection(SolutionProperties) = preSolution
		HideSolutionNode = FALSE
	EndGlobalSection
	GlobalSection(ExtensibilityGlobals) = postSolution
		SolutionGuid = {E347A3E8-13E2-45C5-ACEE-1A6DBB1EBB8C}
	EndGlobalSection
EndGlobal
